
Microsoft Visual Studio Solution File, Format Version 12.00
# Visual Studio Version 16
VisualStudioVersion = 16.0.32929.386
MinimumVisualStudioVersion = 10.0.40219.1
Project("{8BC9CEB8-8B4A-11D0-8D11-00A0C91BC942}") = "Chapter4_Initialization_Direct3D", "..\Chapter4_Initialization_Direct3D\Chapter4_Initialization_Direct3D.vcxproj", "{0B4E7D59-5FBF-495B-B7AF-3112486FBC35}"
EndProject
Project("{8BC9CEB8-8B4A-11D0-8D11-00A0C91BC942}") = "Chapter6_BoxDemo", "..\Chapter6_BoxDemo\Chapter6_BoxDemo.vcxproj", "{EE974257-C5A5-4178-A871-3DED12E1C39B}"
EndProject
Project("{8BC9CEB8-8B4A-11D0-8D11-00A0C91BC942}") = "ImGui", "..\ImGui\ImGui.vcxproj", "{67E2D694-0543-4EF1-8896-521E4CB80A48}"
EndProject
Project("{8BC9CEB8-8B4A-11D0-8D11-00A0C91BC942}") = "Chapter7_Shapes", "..\Chapter7_Shapes\Chapter7_Shapes.vcxproj", "{9E5DC54D-1103-4E95-A98A-E752072D71BD}"
EndProject
Project("{8BC9CEB8-8B4A-11D0-8D11-00A0C91BC942}") = "Chapter7_LandAndWave", "..\Chapter7_LandAndWave\Chapter7_LandAndWave.vcxproj", "{09B1A22C-E7DE-48F6-B370-172F170C352B}"
EndProject
Project("{8BC9CEB8-8B4A-11D0-8D11-00A0C91BC942}") = "Chapter8_LightWave", "..\Chapter8_LightWave\Chapter8_LightWave.vcxproj", "{1DB5931D-6C78-4EC7-A934-EA71E42DC4A7}"
EndProject
Project("{8BC9CEB8-8B4A-11D0-8D11-00A0C91BC942}") = "Chapter8_LightColumns", "..\Chapter8_LightColumns\Chapter8_LightColumns.vcxproj", "{458C5963-A1FD-4FB2-984C-BD2EF281581D}"
EndProject
Global
	GlobalSection(SolutionConfigurationPlatforms) = preSolution
		Debug|x64 = Debug|x64
		Debug|x86 = Debug|x86
		Release|x64 = Release|x64
		Release|x86 = Release|x86
	EndGlobalSection
	GlobalSection(ProjectConfigurationPlatforms) = postSolution
		{0B4E7D59-5FBF-495B-B7AF-3112486FBC35}.Debug|x64.ActiveCfg = Debug|x64
		{0B4E7D59-5FBF-495B-B7AF-3112486FBC35}.Debug|x64.Build.0 = Debug|x64
		{0B4E7D59-5FBF-495B-B7AF-3112486FBC35}.Debug|x86.ActiveCfg = Debug|Win32
		{0B4E7D59-5FBF-495B-B7AF-3112486FBC35}.Debug|x86.Build.0 = Debug|Win32
		{0B4E7D59-5FBF-495B-B7AF-3112486FBC35}.Release|x64.ActiveCfg = Release|x64
		{0B4E7D59-5FBF-495B-B7AF-3112486FBC35}.Release|x64.Build.0 = Release|x64
		{0B4E7D59-5FBF-495B-B7AF-3112486FBC35}.Release|x86.ActiveCfg = Release|Win32
		{0B4E7D59-5FBF-495B-B7AF-3112486FBC35}.Release|x86.Build.0 = Release|Win32
		{EE974257-C5A5-4178-A871-3DED12E1C39B}.Debug|x64.ActiveCfg = Debug|x64
		{EE974257-C5A5-4178-A871-3DED12E1C39B}.Debug|x64.Build.0 = Debug|x64
		{EE974257-C5A5-4178-A871-3DED12E1C39B}.Debug|x86.ActiveCfg = Debug|Win32
		{EE974257-C5A5-4178-A871-3DED12E1C39B}.Debug|x86.Build.0 = Debug|Win32
		{EE974257-C5A5-4178-A871-3DED12E1C39B}.Release|x64.ActiveCfg = Release|x64
		{EE974257-C5A5-4178-A871-3DED12E1C39B}.Release|x64.Build.0 = Release|x64
		{EE974257-C5A5-4178-A871-3DED12E1C39B}.Release|x86.ActiveCfg = Release|Win32
		{EE974257-C5A5-4178-A871-3DED12E1C39B}.Release|x86.Build.0 = Release|Win32
		{67E2D694-0543-4EF1-8896-521E4CB80A48}.Debug|x64.ActiveCfg = Debug|x64
		{67E2D694-0543-4EF1-8896-521E4CB80A48}.Debug|x64.Build.0 = Debug|x64
		{67E2D694-0543-4EF1-8896-521E4CB80A48}.Debug|x86.ActiveCfg = Debug|x64
		{67E2D694-0543-4EF1-8896-521E4CB80A48}.Release|x64.ActiveCfg = Release|x64
		{67E2D694-0543-4EF1-8896-521E4CB80A48}.Release|x64.Build.0 = Release|x64
		{67E2D694-0543-4EF1-8896-521E4CB80A48}.Release|x86.ActiveCfg = Release|x64
		{9E5DC54D-1103-4E95-A98A-E752072D71BD}.Debug|x64.ActiveCfg = Debug|x64
		{9E5DC54D-1103-4E95-A98A-E752072D71BD}.Debug|x64.Build.0 = Debug|x64
		{9E5DC54D-1103-4E95-A98A-E752072D71BD}.Debug|x86.ActiveCfg = Debug|Win32
		{9E5DC54D-1103-4E95-A98A-E752072D71BD}.Debug|x86.Build.0 = Debug|Win32
		{9E5DC54D-1103-4E95-A98A-E752072D71BD}.Release|x64.ActiveCfg = Release|x64
		{9E5DC54D-1103-4E95-A98A-E752072D71BD}.Release|x64.Build.0 = Release|x64
		{9E5DC54D-1103-4E95-A98A-E752072D71BD}.Release|x86.ActiveCfg = Release|Win32
		{9E5DC54D-1103-4E95-A98A-E752072D71BD}.Release|x86.Build.0 = Release|Win32
		{09B1A22C-E7DE-48F6-B370-172F170C352B}.Debug|x64.ActiveCfg = Debug|x64
		{09B1A22C-E7DE-48F6-B370-172F170C352B}.Debug|x64.Build.0 = Debug|x64
		{09B1A22C-E7DE-48F6-B370-172F170C352B}.Debug|x86.ActiveCfg = Debug|Win32
		{09B1A22C-E7DE-48F6-B370-172F170C352B}.Debug|x86.Build.0 = Debug|Win32
		{09B1A22C-E7DE-48F6-B370-172F170C352B}.Release|x64.ActiveCfg = Release|x64
		{09B1A22C-E7DE-48F6-B370-172F170C352B}.Release|x64.Build.0 = Release|x64
		{09B1A22C-E7DE-48F6-B370-172F170C352B}.Release|x86.ActiveCfg = Release|Win32
		{09B1A22C-E7DE-48F6-B370-172F170C352B}.Release|x86.Build.0 = Release|Win32
		{1DB5931D-6C78-4EC7-A934-EA71E42DC4A7}.Debug|x64.ActiveCfg = Debug|x64
		{1DB5931D-6C78-4EC7-A934-EA71E42DC4A7}.Debug|x64.Build.0 = Debug|x64
		{1DB5931D-6C78-4EC7-A934-EA71E42DC4A7}.Debug|x86.ActiveCfg = Debug|Win32
		{1DB5931D-6C78-4EC7-A934-EA71E42DC4A7}.Debug|x86.Build.0 = Debug|Win32
		{1DB5931D-6C78-4EC7-A934-EA71E42DC4A7}.Release|x64.ActiveCfg = Release|x64
		{1DB5931D-6C78-4EC7-A934-EA71E42DC4A7}.Release|x64.Build.0 = Release|x64
		{1DB5931D-6C78-4EC7-A934-EA71E42DC4A7}.Release|x86.ActiveCfg = Release|Win32
		{1DB5931D-6C78-4EC7-A934-EA71E42DC4A7}.Release|x86.Build.0 = Release|Win32
		{458C5963-A1FD-4FB2-984C-BD2EF281581D}.Debug|x64.ActiveCfg = Debug|x64
		{458C5963-A1FD-4FB2-984C-BD2EF281581D}.Debug|x64.Build.0 = Debug|x64
		{458C5963-A1FD-4FB2-984C-BD2EF281581D}.Debug|x86.ActiveCfg = Debug|Win32
		{458C5963-A1FD-4FB2-984C-BD2EF281581D}.Debug|x86.Build.0 = Debug|Win32
		{458C5963-A1FD-4FB2-984C-BD2EF281581D}.Release|x64.ActiveCfg = Release|x64
		{458C5963-A1FD-4FB2-984C-BD2EF281581D}.Release|x64.Build.0 = Release|x64
		{458C5963-A1FD-4FB2-984C-BD2EF281581D}.Release|x86.ActiveCfg = Release|Win32
		{458C5963-A1FD-4FB2-984C-BD2EF281581D}.Release|x86.Build.0 = Release|Win32
	EndGlobalSection
	GlobalSection(SolutionProperties) = preSolution
		HideSolutionNode = FALSE
	EndGlobalSection
	GlobalSection(ExtensibilityGlobals) = postSolution
		SolutionGuid = {A903FD6C-7804-4D05-B616-83E3CAAACC0D}
	EndGlobalSection
EndGlobal
