<?xml version="1.0" encoding="utf-8"?>
<Project ToolsVersion="4.0" xmlns="http://schemas.microsoft.com/developer/msbuild/2003">
  <ItemGroup>
    <Filter Include="源文件">
      <UniqueIdentifier>{4FC737F1-C7A5-4376-A066-2A32D752A2FF}</UniqueIdentifier>
      <Extensions>cpp;c;cc;cxx;c++;cppm;ixx;def;odl;idl;hpj;bat;asm;asmx</Extensions>
    </Filter>
    <Filter Include="头文件">
      <UniqueIdentifier>{93995380-89BD-4b04-88EB-625FBE52EBFB}</UniqueIdentifier>
      <Extensions>h;hh;hpp;hxx;h++;hm;inl;inc;ipp;xsd</Extensions>
    </Filter>
    <Filter Include="资源文件">
      <UniqueIdentifier>{67DA6AB6-F800-4c08-8B7A-83BB121AAD01}</UniqueIdentifier>
      <Extensions>rc;ico;cur;bmp;dlg;rc2;rct;bin;rgs;gif;jpg;jpeg;jpe;resx;tiff;tif;png;wav;mfcribbon-ms</Extensions>
    </Filter>
    <Filter Include="Common">
      <UniqueIdentifier>{64bbd81f-4096-4dc4-9efc-02729ca287a7}</UniqueIdentifier>
    </Filter>
  </ItemGroup>
  <ItemGroup>
    <ClCompile Include="Extra_RayTracing.cpp">
      <Filter>源文件</Filter>
    </ClCompile>
    <ClCompile Include="hittable_list.cpp">
      <Filter>源文件</Filter>
    </ClCompile>
    <ClCompile Include="material.cpp">
      <Filter>源文件</Filter>
    </ClCompile>
    <ClCompile Include="sphere.cpp">
      <Filter>源文件</Filter>
    </ClCompile>
    <ClCompile Include="BVH.cpp">
      <Filter>源文件</Filter>
    </ClCompile>
    <ClCompile Include="Common\AABB.cpp">
      <Filter>Common</Filter>
    </ClCompile>
    <ClCompile Include="Common\color.cpp">
      <Filter>Common</Filter>
    </ClCompile>
    <ClCompile Include="Common\Texture.cpp">
      <Filter>Common</Filter>
    </ClCompile>
    <ClCompile Include="Common\vec3.cpp">
      <Filter>Common</Filter>
    </ClCompile>
    <ClCompile Include="camera.cpp">
      <Filter>源文件</Filter>
    </ClCompile>
    <ClCompile Include="Common\interval.cpp">
      <Filter>Common</Filter>
    </ClCompile>
    <ClCompile Include="Common\RTStbImage.cpp">
      <Filter>Common</Filter>
    </ClCompile>
  </ItemGroup>
  <ItemGroup>
    <ClInclude Include="hittable.h">
      <Filter>头文件</Filter>
    </ClInclude>
    <ClInclude Include="sphere.h">
      <Filter>头文件</Filter>
    </ClInclude>
    <ClInclude Include="hittable_list.h">
      <Filter>头文件</Filter>
    </ClInclude>
    <ClInclude Include="material.h">
      <Filter>头文件</Filter>
    </ClInclude>
    <ClInclude Include="BVH.h">
      <Filter>头文件</Filter>
    </ClInclude>
    <ClInclude Include="Common\AABB.h">
      <Filter>Common</Filter>
    </ClInclude>
    <ClInclude Include="Common\color.h">
      <Filter>Common</Filter>
    </ClInclude>
    <ClInclude Include="Common\common.h">
      <Filter>Common</Filter>
    </ClInclude>
    <ClInclude Include="Common\ray.h">
      <Filter>Common</Filter>
    </ClInclude>
    <ClInclude Include="Common\Texture.h">
      <Filter>Common</Filter>
    </ClInclude>
    <ClInclude Include="Common\util.h">
      <Filter>Common</Filter>
    </ClInclude>
    <ClInclude Include="Common\vec3.h">
      <Filter>Common</Filter>
    </ClInclude>
    <ClInclude Include="camera.h">
      <Filter>头文件</Filter>
    </ClInclude>
    <ClInclude Include="Common\interval.h">
      <Filter>Common</Filter>
    </ClInclude>
    <ClInclude Include="Common\RTStbImage.h">
      <Filter>Common</Filter>
    </ClInclude>
  </ItemGroup>
</Project>